{
    "name": "clarion-server",
    "version": "1.0.1",
    "lockfileVersion": 3,
    "requires": true,
    "packages": {
        "": {
            "name": "clarion-server",
            "version": "1.0.1",
            "license": "MIT",
            "dependencies": {
                "vscode-languageserver": "^8.1.0",
                "vscode-languageserver-protocol-foldingprovider": "^2.0.1",
                "vscode-languageserver-textdocument": "^1.0.1",
                "xml2js": "^0.6.2"
            },
            "devDependencies": {
                "@types/xml2js": "^0.4.14"
            },
            "engines": {
                "node": "*"
            }
        },
        "node_modules/@types/node": {
            "version": "22.13.14",
            "resolved": "https://registry.npmjs.org/@types/node/-/node-22.13.14.tgz",
            "integrity": "sha512-Zs/Ollc1SJ8nKUAgc7ivOEdIBM8JAKgrqqUYi2J997JuKO7/tpQC+WCetQ1sypiKCQWHdvdg9wBNpUPEWZae7w==",
            "dev": true,
            "license": "MIT",
            "dependencies": {
                "undici-types": "~6.20.0"
            }
        },
        "node_modules/@types/xml2js": {
            "version": "0.4.14",
            "resolved": "https://registry.npmjs.org/@types/xml2js/-/xml2js-0.4.14.tgz",
            "integrity": "sha512-4YnrRemBShWRO2QjvUin8ESA41rH+9nQGLUGZV/1IDhi3SL9OhdpNC/MrulTWuptXKwhx/aDxE7toV0f/ypIXQ==",
            "dev": true,
            "license": "MIT",
            "dependencies": {
                "@types/node": "*"
            }
        },
        "node_modules/sax": {
            "version": "1.4.1",
            "resolved": "https://registry.npmjs.org/sax/-/sax-1.4.1.tgz",
            "integrity": "sha512-+aWOz7yVScEGoKNd4PA10LZ8sk0A/z5+nXQG5giUO5rprX9jgYsTdov9qCchZiPIZezbZH+jRut8nPodFAX4Jg==",
            "license": "ISC"
        },
        "node_modules/undici-types": {
            "version": "6.20.0",
            "resolved": "https://registry.npmjs.org/undici-types/-/undici-types-6.20.0.tgz",
            "integrity": "sha512-Ny6QZ2Nju20vw1SRHe3d9jVu6gJ+4e3+MMpqu7pqE5HT6WsTSlce++GQmK5UXS8mzV8DSYHrQH+Xrf2jVcuKNg==",
            "dev": true,
            "license": "MIT"
        },
        "node_modules/vscode-jsonrpc": {
            "version": "8.1.0",
            "resolved": "https://registry.npmjs.org/vscode-jsonrpc/-/vscode-jsonrpc-8.1.0.tgz",
            "integrity": "sha512-6TDy/abTQk+zDGYazgbIPc+4JoXdwC8NHU9Pbn4UJP1fehUyZmM4RHp5IthX7A6L5KS30PRui+j+tbbMMMafdw==",
            "license": "MIT",
            "engines": {
                "node": ">=14.0.0"
            }
        },
        "node_modules/vscode-languageserver": {
            "version": "8.1.0",
            "resolved": "https://registry.npmjs.org/vscode-languageserver/-/vscode-languageserver-8.1.0.tgz",
            "integrity": "sha512-eUt8f1z2N2IEUDBsKaNapkz7jl5QpskN2Y0G01T/ItMxBxw1fJwvtySGB9QMecatne8jFIWJGWI61dWjyTLQsw==",
            "license": "MIT",
            "dependencies": {
                "vscode-languageserver-protocol": "3.17.3"
            },
            "bin": {
                "installServerIntoExtension": "bin/installServerIntoExtension"
            }
        },
        "node_modules/vscode-languageserver-protocol": {
            "version": "3.17.3",
            "resolved": "https://registry.npmjs.org/vscode-languageserver-protocol/-/vscode-languageserver-protocol-3.17.3.tgz",
            "integrity": "sha512-924/h0AqsMtA5yK22GgMtCYiMdCOtWTSGgUOkgEDX+wk2b0x4sAfLiO4NxBxqbiVtz7K7/1/RgVrVI0NClZwqA==",
            "license": "MIT",
            "dependencies": {
                "vscode-jsonrpc": "8.1.0",
                "vscode-languageserver-types": "3.17.3"
            }
        },
        "node_modules/vscode-languageserver-protocol-foldingprovider": {
            "version": "2.0.1",
            "resolved": "https://registry.npmjs.org/vscode-languageserver-protocol-foldingprovider/-/vscode-languageserver-protocol-foldingprovider-2.0.1.tgz",
            "integrity": "sha512-N8bOS8i0xuQMn/y0bijyefDbOsMl6hiH6LDREYWavTLTM5jbj44EiQfStsbmAv/0eaFKkL/jf5hW7nWwBy2HBw==",
            "license": "MIT",
            "dependencies": {
                "vscode-languageserver-protocol": "^3.7.2",
                "vscode-languageserver-types": "^3.7.2"
            }
        },
        "node_modules/vscode-languageserver-textdocument": {
            "version": "1.0.12",
            "resolved": "https://registry.npmjs.org/vscode-languageserver-textdocument/-/vscode-languageserver-textdocument-1.0.12.tgz",
            "integrity": "sha512-cxWNPesCnQCcMPeenjKKsOCKQZ/L6Tv19DTRIGuLWe32lyzWhihGVJ/rcckZXJxfdKCFvRLS3fpBIsV/ZGX4zA==",
            "license": "MIT"
        },
        "node_modules/vscode-languageserver-types": {
            "version": "3.17.3",
            "resolved": "https://registry.npmjs.org/vscode-languageserver-types/-/vscode-languageserver-types-3.17.3.tgz",
            "integrity": "sha512-SYU4z1dL0PyIMd4Vj8YOqFvHu7Hz/enbWtpfnVbJHU4Nd1YNYx8u0ennumc6h48GQNeOLxmwySmnADouT/AuZA==",
            "license": "MIT"
        },
        "node_modules/xml2js": {
            "version": "0.6.2",
            "resolved": "https://registry.npmjs.org/xml2js/-/xml2js-0.6.2.tgz",
            "integrity": "sha512-T4rieHaC1EXcES0Kxxj4JWgaUQHDk+qwHcYOCFHfiwKz7tOVPLq7Hjq9dM1WCMhylqMEfP7hMcOIChvotiZegA==",
            "license": "MIT",
            "dependencies": {
                "sax": ">=0.6.0",
                "xmlbuilder": "~11.0.0"
            },
            "engines": {
                "node": ">=4.0.0"
            }
        },
        "node_modules/xmlbuilder": {
            "version": "11.0.1",
            "resolved": "https://registry.npmjs.org/xmlbuilder/-/xmlbuilder-11.0.1.tgz",
            "integrity": "sha512-fDlsI/kFEx7gLvbecc0/ohLG50fugQp8ryHzMTuW9vSa1GJ0XYWKnhsUx7oie3G98+r56aTQIUB4kht42R3JvA==",
            "license": "MIT",
            "engines": {
                "node": ">=4.0"
            }
        }
    }
}
